
Microsoft Visual Studio Solution File, Format Version 12.00
# Visual Studio Version 16
VisualStudioVersion = 16.0.31402.337
MinimumVisualStudioVersion = 10.0.40219.1
Project("{FAE04EC0-301F-11D3-BF4B-00C04F79EFBC}") = "LerArquivoTXT", "LerArquivoTXT\LerArquivoTXT.csproj", "{AB38A241-F7EA-4D09-95F5-1A44225EC6F0}"
EndProject
Global
	GlobalSection(SolutionConfigurationPlatforms) = preSolution
		Debug|Any CPU = Debug|Any CPU
		Release|Any CPU = Release|Any CPU
	EndGlobalSection
	GlobalSection(ProjectConfigurationPlatforms) = postSolution
		{AB38A241-F7EA-4D09-95F5-1A44225EC6F0}.Debug|Any CPU.ActiveCfg = Debug|Any CPU
		{AB38A241-F7EA-4D09-95F5-1A44225EC6F0}.Debug|Any CPU.Build.0 = Debug|Any CPU
		{AB38A241-F7EA-4D09-95F5-1A44225EC6F0}.Release|Any CPU.ActiveCfg = Release|Any CPU
		{AB38A241-F7EA-4D09-95F5-1A44225EC6F0}.Release|Any CPU.Build.0 = Release|Any CPU
	EndGlobalSection
	GlobalSection(SolutionProperties) = preSolution
		HideSolutionNode = FALSE
	EndGlobalSection
	GlobalSection(ExtensibilityGlobals) = postSolution
		SolutionGuid = {DED1E943-73D2-4765-B4E8-6D414B4A0261}
	EndGlobalSection
EndGlobal
